
Microsoft Visual Studio Solution File, Format Version 12.00
# Visual Studio 15
VisualStudioVersion = 15.0.27428.2037
MinimumVisualStudioVersion = 10.0.40219.1
Project("{FAE04EC0-301F-11D3-BF4B-00C04F79EFBC}") = "Tera.ChromeDevTools", "Tera.ChromeDevTools\Tera.ChromeDevTools.csproj", "{1DC2910E-CA24-438A-BCA0-3F9AA96AA6C2}"
EndProject
Global
	GlobalSection(SolutionConfigurationPlatforms) = preSolution
		Debug|Any CPU = Debug|Any CPU
		Release|Any CPU = Release|Any CPU
	EndGlobalSection
	GlobalSection(ProjectConfigurationPlatforms) = postSolution
		{1DC2910E-CA24-438A-BCA0-3F9AA96AA6C2}.Debug|Any CPU.ActiveCfg = Debug|Any CPU
		{1DC2910E-CA24-438A-BCA0-3F9AA96AA6C2}.Debug|Any CPU.Build.0 = Debug|Any CPU
		{1DC2910E-CA24-438A-BCA0-3F9AA96AA6C2}.Release|Any CPU.ActiveCfg = Release|Any CPU
		{1DC2910E-CA24-438A-BCA0-3F9AA96AA6C2}.Release|Any CPU.Build.0 = Release|Any CPU
	EndGlobalSection
	GlobalSection(SolutionProperties) = preSolution
		HideSolutionNode = FALSE
	EndGlobalSection
	GlobalSection(ExtensibilityGlobals) = postSolution
		SolutionGuid = {757A11D1-BECB-46A1-9BD6-CE2EE8EC5603}
	EndGlobalSection
EndGlobal
